
Microsoft Visual Studio Solution File, Format Version 12.00
# Visual Studio Version 17
VisualStudioVersion = 17.10.35122.118
MinimumVisualStudioVersion = 10.0.40219.1
Project("{FAE04EC0-301F-11D3-BF4B-00C04F79EFBC}") = "FullstackTechTest.Server", "FullstackTechTest.Server\FullstackTechTest.Server.csproj", "{828E46BE-3228-4782-AF6F-12D8F02155A4}"
EndProject
Project("{54A90642-561A-4BB1-A94E-469ADEE60C69}") = "fullstacktechtest.client", "fullstacktechtest.client\fullstacktechtest.client.esproj", "{49B1E1B0-2D1A-4BFD-AF21-AFF7B62A3176}"
EndProject
Global
	GlobalSection(SolutionConfigurationPlatforms) = preSolution
		Debug|Any CPU = Debug|Any CPU
		Release|Any CPU = Release|Any CPU
	EndGlobalSection
	GlobalSection(ProjectConfigurationPlatforms) = postSolution
		{828E46BE-3228-4782-AF6F-12D8F02155A4}.Debug|Any CPU.ActiveCfg = Debug|Any CPU
		{828E46BE-3228-4782-AF6F-12D8F02155A4}.Debug|Any CPU.Build.0 = Debug|Any CPU
		{828E46BE-3228-4782-AF6F-12D8F02155A4}.Release|Any CPU.ActiveCfg = Release|Any CPU
		{828E46BE-3228-4782-AF6F-12D8F02155A4}.Release|Any CPU.Build.0 = Release|Any CPU
		{49B1E1B0-2D1A-4BFD-AF21-AFF7B62A3176}.Debug|Any CPU.ActiveCfg = Debug|Any CPU
		{49B1E1B0-2D1A-4BFD-AF21-AFF7B62A3176}.Debug|Any CPU.Build.0 = Debug|Any CPU
		{49B1E1B0-2D1A-4BFD-AF21-AFF7B62A3176}.Debug|Any CPU.Deploy.0 = Debug|Any CPU
		{49B1E1B0-2D1A-4BFD-AF21-AFF7B62A3176}.Release|Any CPU.ActiveCfg = Release|Any CPU
		{49B1E1B0-2D1A-4BFD-AF21-AFF7B62A3176}.Release|Any CPU.Build.0 = Release|Any CPU
		{49B1E1B0-2D1A-4BFD-AF21-AFF7B62A3176}.Release|Any CPU.Deploy.0 = Release|Any CPU
	EndGlobalSection
	GlobalSection(SolutionProperties) = preSolution
		HideSolutionNode = FALSE
	EndGlobalSection
	GlobalSection(ExtensibilityGlobals) = postSolution
		SolutionGuid = {6FB5EA98-301A-427E-A5F3-E6B49C89560F}
	EndGlobalSection
EndGlobal
